
Microsoft Visual Studio Solution File, Format Version 12.00
# Visual Studio Version 17
VisualStudioVersion = 17.0.31903.59
MinimumVisualStudioVersion = 10.0.40219.1
Project("{2150E333-8FDC-42A3-9474-1A3956D46DE8}") = "src", "src", "{827E0CD3-B72D-47B6-A68D-7590B98EB39B}"
EndProject
Project("{FAE04EC0-301F-11D3-BF4B-00C04F79EFBC}") = "SmartInsight.Core", "src\SmartInsight.Core\SmartInsight.Core.csproj", "{64F3DFAD-F2C6-45DF-87D5-29DC84266D08}"
EndProject
Project("{FAE04EC0-301F-11D3-BF4B-00C04F79EFBC}") = "SmartInsight.Data", "src\SmartInsight.Data\SmartInsight.Data.csproj", "{45ACE0A5-13C2-4D21-BE07-845424BC3C78}"
EndProject
Project("{FAE04EC0-301F-11D3-BF4B-00C04F79EFBC}") = "SmartInsight.Knowledge", "src\SmartInsight.Knowledge\SmartInsight.Knowledge.csproj", "{BF1B3267-40D3-4374-88E1-EBE3C52B5BC3}"
EndProject
Project("{FAE04EC0-301F-11D3-BF4B-00C04F79EFBC}") = "SmartInsight.AI", "src\SmartInsight.AI\SmartInsight.AI.csproj", "{51E561BD-F96D-4A3B-AD12-DF499C1FB549}"
EndProject
Project("{FAE04EC0-301F-11D3-BF4B-00C04F79EFBC}") = "SmartInsight.History", "src\SmartInsight.History\SmartInsight.History.csproj", "{029F6BD5-E173-4B83-82E1-96650568E756}"
EndProject
Project("{FAE04EC0-301F-11D3-BF4B-00C04F79EFBC}") = "SmartInsight.API", "src\SmartInsight.API\SmartInsight.API.csproj", "{D5449CA7-CF70-473D-9C96-B3B7AC211355}"
EndProject
Project("{FAE04EC0-301F-11D3-BF4B-00C04F79EFBC}") = "SmartInsight.Admin", "src\SmartInsight.Admin\SmartInsight.Admin.csproj", "{BB2CAE39-45C7-4943-9AD7-0BF17B376071}"
EndProject
Project("{FAE04EC0-301F-11D3-BF4B-00C04F79EFBC}") = "SmartInsight.Telemetry", "src\SmartInsight.Telemetry\SmartInsight.Telemetry.csproj", "{BA7DE1C6-C788-4EFD-81FC-56AF3628DE52}"
EndProject
Project("{2150E333-8FDC-42A3-9474-1A3956D46DE8}") = "tests", "tests", "{0AB3BF05-4346-4AA6-1389-037BE0695223}"
EndProject
Project("{FAE04EC0-301F-11D3-BF4B-00C04F79EFBC}") = "SmartInsight.Tests", "tests\SmartInsight.Tests\SmartInsight.Tests.csproj", "{B0072303-D847-4C09-BFEE-914348AED129}"
EndProject
Global
	GlobalSection(SolutionConfigurationPlatforms) = preSolution
		Debug|Any CPU = Debug|Any CPU
		Debug|x64 = Debug|x64
		Debug|x86 = Debug|x86
		Release|Any CPU = Release|Any CPU
		Release|x64 = Release|x64
		Release|x86 = Release|x86
	EndGlobalSection
	GlobalSection(ProjectConfigurationPlatforms) = postSolution
		{64F3DFAD-F2C6-45DF-87D5-29DC84266D08}.Debug|Any CPU.ActiveCfg = Debug|Any CPU
		{64F3DFAD-F2C6-45DF-87D5-29DC84266D08}.Debug|Any CPU.Build.0 = Debug|Any CPU
		{64F3DFAD-F2C6-45DF-87D5-29DC84266D08}.Debug|x64.ActiveCfg = Debug|Any CPU
		{64F3DFAD-F2C6-45DF-87D5-29DC84266D08}.Debug|x64.Build.0 = Debug|Any CPU
		{64F3DFAD-F2C6-45DF-87D5-29DC84266D08}.Debug|x86.ActiveCfg = Debug|Any CPU
		{64F3DFAD-F2C6-45DF-87D5-29DC84266D08}.Debug|x86.Build.0 = Debug|Any CPU
		{64F3DFAD-F2C6-45DF-87D5-29DC84266D08}.Release|Any CPU.ActiveCfg = Release|Any CPU
		{64F3DFAD-F2C6-45DF-87D5-29DC84266D08}.Release|Any CPU.Build.0 = Release|Any CPU
		{64F3DFAD-F2C6-45DF-87D5-29DC84266D08}.Release|x64.ActiveCfg = Release|Any CPU
		{64F3DFAD-F2C6-45DF-87D5-29DC84266D08}.Release|x64.Build.0 = Release|Any CPU
		{64F3DFAD-F2C6-45DF-87D5-29DC84266D08}.Release|x86.ActiveCfg = Release|Any CPU
		{64F3DFAD-F2C6-45DF-87D5-29DC84266D08}.Release|x86.Build.0 = Release|Any CPU
		{45ACE0A5-13C2-4D21-BE07-845424BC3C78}.Debug|Any CPU.ActiveCfg = Debug|Any CPU
		{45ACE0A5-13C2-4D21-BE07-845424BC3C78}.Debug|Any CPU.Build.0 = Debug|Any CPU
		{45ACE0A5-13C2-4D21-BE07-845424BC3C78}.Debug|x64.ActiveCfg = Debug|Any CPU
		{45ACE0A5-13C2-4D21-BE07-845424BC3C78}.Debug|x64.Build.0 = Debug|Any CPU
		{45ACE0A5-13C2-4D21-BE07-845424BC3C78}.Debug|x86.ActiveCfg = Debug|Any CPU
		{45ACE0A5-13C2-4D21-BE07-845424BC3C78}.Debug|x86.Build.0 = Debug|Any CPU
		{45ACE0A5-13C2-4D21-BE07-845424BC3C78}.Release|Any CPU.ActiveCfg = Release|Any CPU
		{45ACE0A5-13C2-4D21-BE07-845424BC3C78}.Release|Any CPU.Build.0 = Release|Any CPU
		{45ACE0A5-13C2-4D21-BE07-845424BC3C78}.Release|x64.ActiveCfg = Release|Any CPU
		{45ACE0A5-13C2-4D21-BE07-845424BC3C78}.Release|x64.Build.0 = Release|Any CPU
		{45ACE0A5-13C2-4D21-BE07-845424BC3C78}.Release|x86.ActiveCfg = Release|Any CPU
		{45ACE0A5-13C2-4D21-BE07-845424BC3C78}.Release|x86.Build.0 = Release|Any CPU
		{BF1B3267-40D3-4374-88E1-EBE3C52B5BC3}.Debug|Any CPU.ActiveCfg = Debug|Any CPU
		{BF1B3267-40D3-4374-88E1-EBE3C52B5BC3}.Debug|Any CPU.Build.0 = Debug|Any CPU
		{BF1B3267-40D3-4374-88E1-EBE3C52B5BC3}.Debug|x64.ActiveCfg = Debug|Any CPU
		{BF1B3267-40D3-4374-88E1-EBE3C52B5BC3}.Debug|x64.Build.0 = Debug|Any CPU
		{BF1B3267-40D3-4374-88E1-EBE3C52B5BC3}.Debug|x86.ActiveCfg = Debug|Any CPU
		{BF1B3267-40D3-4374-88E1-EBE3C52B5BC3}.Debug|x86.Build.0 = Debug|Any CPU
		{BF1B3267-40D3-4374-88E1-EBE3C52B5BC3}.Release|Any CPU.ActiveCfg = Release|Any CPU
		{BF1B3267-40D3-4374-88E1-EBE3C52B5BC3}.Release|Any CPU.Build.0 = Release|Any CPU
		{BF1B3267-40D3-4374-88E1-EBE3C52B5BC3}.Release|x64.ActiveCfg = Release|Any CPU
		{BF1B3267-40D3-4374-88E1-EBE3C52B5BC3}.Release|x64.Build.0 = Release|Any CPU
		{BF1B3267-40D3-4374-88E1-EBE3C52B5BC3}.Release|x86.ActiveCfg = Release|Any CPU
		{BF1B3267-40D3-4374-88E1-EBE3C52B5BC3}.Release|x86.Build.0 = Release|Any CPU
		{51E561BD-F96D-4A3B-AD12-DF499C1FB549}.Debug|Any CPU.ActiveCfg = Debug|Any CPU
		{51E561BD-F96D-4A3B-AD12-DF499C1FB549}.Debug|Any CPU.Build.0 = Debug|Any CPU
		{51E561BD-F96D-4A3B-AD12-DF499C1FB549}.Debug|x64.ActiveCfg = Debug|Any CPU
		{51E561BD-F96D-4A3B-AD12-DF499C1FB549}.Debug|x64.Build.0 = Debug|Any CPU
		{51E561BD-F96D-4A3B-AD12-DF499C1FB549}.Debug|x86.ActiveCfg = Debug|Any CPU
		{51E561BD-F96D-4A3B-AD12-DF499C1FB549}.Debug|x86.Build.0 = Debug|Any CPU
		{51E561BD-F96D-4A3B-AD12-DF499C1FB549}.Release|Any CPU.ActiveCfg = Release|Any CPU
		{51E561BD-F96D-4A3B-AD12-DF499C1FB549}.Release|Any CPU.Build.0 = Release|Any CPU
		{51E561BD-F96D-4A3B-AD12-DF499C1FB549}.Release|x64.ActiveCfg = Release|Any CPU
		{51E561BD-F96D-4A3B-AD12-DF499C1FB549}.Release|x64.Build.0 = Release|Any CPU
		{51E561BD-F96D-4A3B-AD12-DF499C1FB549}.Release|x86.ActiveCfg = Release|Any CPU
		{51E561BD-F96D-4A3B-AD12-DF499C1FB549}.Release|x86.Build.0 = Release|Any CPU
		{029F6BD5-E173-4B83-82E1-96650568E756}.Debug|Any CPU.ActiveCfg = Debug|Any CPU
		{029F6BD5-E173-4B83-82E1-96650568E756}.Debug|Any CPU.Build.0 = Debug|Any CPU
		{029F6BD5-E173-4B83-82E1-96650568E756}.Debug|x64.ActiveCfg = Debug|Any CPU
		{029F6BD5-E173-4B83-82E1-96650568E756}.Debug|x64.Build.0 = Debug|Any CPU
		{029F6BD5-E173-4B83-82E1-96650568E756}.Debug|x86.ActiveCfg = Debug|Any CPU
		{029F6BD5-E173-4B83-82E1-96650568E756}.Debug|x86.Build.0 = Debug|Any CPU
		{029F6BD5-E173-4B83-82E1-96650568E756}.Release|Any CPU.ActiveCfg = Release|Any CPU
		{029F6BD5-E173-4B83-82E1-96650568E756}.Release|Any CPU.Build.0 = Release|Any CPU
		{029F6BD5-E173-4B83-82E1-96650568E756}.Release|x64.ActiveCfg = Release|Any CPU
		{029F6BD5-E173-4B83-82E1-96650568E756}.Release|x64.Build.0 = Release|Any CPU
		{029F6BD5-E173-4B83-82E1-96650568E756}.Release|x86.ActiveCfg = Release|Any CPU
		{029F6BD5-E173-4B83-82E1-96650568E756}.Release|x86.Build.0 = Release|Any CPU
		{D5449CA7-CF70-473D-9C96-B3B7AC211355}.Debug|Any CPU.ActiveCfg = Debug|Any CPU
		{D5449CA7-CF70-473D-9C96-B3B7AC211355}.Debug|Any CPU.Build.0 = Debug|Any CPU
		{D5449CA7-CF70-473D-9C96-B3B7AC211355}.Debug|x64.ActiveCfg = Debug|Any CPU
		{D5449CA7-CF70-473D-9C96-B3B7AC211355}.Debug|x64.Build.0 = Debug|Any CPU
		{D5449CA7-CF70-473D-9C96-B3B7AC211355}.Debug|x86.ActiveCfg = Debug|Any CPU
		{D5449CA7-CF70-473D-9C96-B3B7AC211355}.Debug|x86.Build.0 = Debug|Any CPU
		{D5449CA7-CF70-473D-9C96-B3B7AC211355}.Release|Any CPU.ActiveCfg = Release|Any CPU
		{D5449CA7-CF70-473D-9C96-B3B7AC211355}.Release|Any CPU.Build.0 = Release|Any CPU
		{D5449CA7-CF70-473D-9C96-B3B7AC211355}.Release|x64.ActiveCfg = Release|Any CPU
		{D5449CA7-CF70-473D-9C96-B3B7AC211355}.Release|x64.Build.0 = Release|Any CPU
		{D5449CA7-CF70-473D-9C96-B3B7AC211355}.Release|x86.ActiveCfg = Release|Any CPU
		{D5449CA7-CF70-473D-9C96-B3B7AC211355}.Release|x86.Build.0 = Release|Any CPU
		{BB2CAE39-45C7-4943-9AD7-0BF17B376071}.Debug|Any CPU.ActiveCfg = Debug|Any CPU
		{BB2CAE39-45C7-4943-9AD7-0BF17B376071}.Debug|Any CPU.Build.0 = Debug|Any CPU
		{BB2CAE39-45C7-4943-9AD7-0BF17B376071}.Debug|x64.ActiveCfg = Debug|Any CPU
		{BB2CAE39-45C7-4943-9AD7-0BF17B376071}.Debug|x64.Build.0 = Debug|Any CPU
		{BB2CAE39-45C7-4943-9AD7-0BF17B376071}.Debug|x86.ActiveCfg = Debug|Any CPU
		{BB2CAE39-45C7-4943-9AD7-0BF17B376071}.Debug|x86.Build.0 = Debug|Any CPU
		{BB2CAE39-45C7-4943-9AD7-0BF17B376071}.Release|Any CPU.ActiveCfg = Release|Any CPU
		{BB2CAE39-45C7-4943-9AD7-0BF17B376071}.Release|Any CPU.Build.0 = Release|Any CPU
		{BB2CAE39-45C7-4943-9AD7-0BF17B376071}.Release|x64.ActiveCfg = Release|Any CPU
		{BB2CAE39-45C7-4943-9AD7-0BF17B376071}.Release|x64.Build.0 = Release|Any CPU
		{BB2CAE39-45C7-4943-9AD7-0BF17B376071}.Release|x86.ActiveCfg = Release|Any CPU
		{BB2CAE39-45C7-4943-9AD7-0BF17B376071}.Release|x86.Build.0 = Release|Any CPU
		{BA7DE1C6-C788-4EFD-81FC-56AF3628DE52}.Debug|Any CPU.ActiveCfg = Debug|Any CPU
		{BA7DE1C6-C788-4EFD-81FC-56AF3628DE52}.Debug|Any CPU.Build.0 = Debug|Any CPU
		{BA7DE1C6-C788-4EFD-81FC-56AF3628DE52}.Debug|x64.ActiveCfg = Debug|Any CPU
		{BA7DE1C6-C788-4EFD-81FC-56AF3628DE52}.Debug|x64.Build.0 = Debug|Any CPU
		{BA7DE1C6-C788-4EFD-81FC-56AF3628DE52}.Debug|x86.ActiveCfg = Debug|Any CPU
		{BA7DE1C6-C788-4EFD-81FC-56AF3628DE52}.Debug|x86.Build.0 = Debug|Any CPU
		{BA7DE1C6-C788-4EFD-81FC-56AF3628DE52}.Release|Any CPU.ActiveCfg = Release|Any CPU
		{BA7DE1C6-C788-4EFD-81FC-56AF3628DE52}.Release|Any CPU.Build.0 = Release|Any CPU
		{BA7DE1C6-C788-4EFD-81FC-56AF3628DE52}.Release|x64.ActiveCfg = Release|Any CPU
		{BA7DE1C6-C788-4EFD-81FC-56AF3628DE52}.Release|x64.Build.0 = Release|Any CPU
		{BA7DE1C6-C788-4EFD-81FC-56AF3628DE52}.Release|x86.ActiveCfg = Release|Any CPU
		{BA7DE1C6-C788-4EFD-81FC-56AF3628DE52}.Release|x86.Build.0 = Release|Any CPU
		{B0072303-D847-4C09-BFEE-914348AED129}.Debug|Any CPU.ActiveCfg = Debug|Any CPU
		{B0072303-D847-4C09-BFEE-914348AED129}.Debug|Any CPU.Build.0 = Debug|Any CPU
		{B0072303-D847-4C09-BFEE-914348AED129}.Debug|x64.ActiveCfg = Debug|Any CPU
		{B0072303-D847-4C09-BFEE-914348AED129}.Debug|x64.Build.0 = Debug|Any CPU
		{B0072303-D847-4C09-BFEE-914348AED129}.Debug|x86.ActiveCfg = Debug|Any CPU
		{B0072303-D847-4C09-BFEE-914348AED129}.Debug|x86.Build.0 = Debug|Any CPU
		{B0072303-D847-4C09-BFEE-914348AED129}.Release|Any CPU.ActiveCfg = Release|Any CPU
		{B0072303-D847-4C09-BFEE-914348AED129}.Release|Any CPU.Build.0 = Release|Any CPU
		{B0072303-D847-4C09-BFEE-914348AED129}.Release|x64.ActiveCfg = Release|Any CPU
		{B0072303-D847-4C09-BFEE-914348AED129}.Release|x64.Build.0 = Release|Any CPU
		{B0072303-D847-4C09-BFEE-914348AED129}.Release|x86.ActiveCfg = Release|Any CPU
		{B0072303-D847-4C09-BFEE-914348AED129}.Release|x86.Build.0 = Release|Any CPU
	EndGlobalSection
	GlobalSection(SolutionProperties) = preSolution
		HideSolutionNode = FALSE
	EndGlobalSection
	GlobalSection(NestedProjects) = preSolution
		{64F3DFAD-F2C6-45DF-87D5-29DC84266D08} = {827E0CD3-B72D-47B6-A68D-7590B98EB39B}
		{45ACE0A5-13C2-4D21-BE07-845424BC3C78} = {827E0CD3-B72D-47B6-A68D-7590B98EB39B}
		{BF1B3267-40D3-4374-88E1-EBE3C52B5BC3} = {827E0CD3-B72D-47B6-A68D-7590B98EB39B}
		{51E561BD-F96D-4A3B-AD12-DF499C1FB549} = {827E0CD3-B72D-47B6-A68D-7590B98EB39B}
		{029F6BD5-E173-4B83-82E1-96650568E756} = {827E0CD3-B72D-47B6-A68D-7590B98EB39B}
		{D5449CA7-CF70-473D-9C96-B3B7AC211355} = {827E0CD3-B72D-47B6-A68D-7590B98EB39B}
		{BB2CAE39-45C7-4943-9AD7-0BF17B376071} = {827E0CD3-B72D-47B6-A68D-7590B98EB39B}
		{BA7DE1C6-C788-4EFD-81FC-56AF3628DE52} = {827E0CD3-B72D-47B6-A68D-7590B98EB39B}
		{B0072303-D847-4C09-BFEE-914348AED129} = {0AB3BF05-4346-4AA6-1389-037BE0695223}
	EndGlobalSection
EndGlobal
